// !$*UTF8*$!
{
	archiveVersion = 1;
	classes = {
	};
	objectVersion = 50;
	objects = {

/* Begin PBXBuildFile section */
		2DCE2F2F219AF935002C7DC9 /* AppDelegate.swift in Sources */ = {isa = PBXBuildFile; fileRef = 2DCE2F2E219AF935002C7DC9 /* AppDelegate.swift */; };
		2DCE2F31219AF935002C7DC9 /* ViewController.swift in Sources */ = {isa = PBXBuildFile; fileRef = 2DCE2F30219AF935002C7DC9 /* ViewController.swift */; };
		2DCE2F34219AF935002C7DC9 /* Main.storyboard in Resources */ = {isa = PBXBuildFile; fileRef = 2DCE2F32219AF935002C7DC9 /* Main.storyboard */; };
		2DCE2F37219AF935002C7DC9 /* smartvalue_ios.xcdatamodeld in Sources */ = {isa = PBXBuildFile; fileRef = 2DCE2F35219AF935002C7DC9 /* smartvalue_ios.xcdatamodeld */; };
		2DCE2F39219AF93F002C7DC9 /* Assets.xcassets in Resources */ = {isa = PBXBuildFile; fileRef = 2DCE2F38219AF93F002C7DC9 /* Assets.xcassets */; };
		2DCE2F3C219AF93F002C7DC9 /* LaunchScreen.storyboard in Resources */ = {isa = PBXBuildFile; fileRef = 2DCE2F3A219AF93F002C7DC9 /* LaunchScreen.storyboard */; };
		2DCE2F47219AF940002C7DC9 /* smartvalue_iosTests.swift in Sources */ = {isa = PBXBuildFile; fileRef = 2DCE2F46219AF940002C7DC9 /* smartvalue_iosTests.swift */; };
		2DCE2F52219AF940002C7DC9 /* smartvalue_iosUITests.swift in Sources */ = {isa = PBXBuildFile; fileRef = 2DCE2F51219AF940002C7DC9 /* smartvalue_iosUITests.swift */; };
/* End PBXBuildFile section */

/* Begin PBXContainerItemProxy section */
		2DCE2F43219AF940002C7DC9 /* PBXContainerItemProxy */ = {
			isa = PBXContainerItemProxy;
			containerPortal = 2DCE2F23219AF935002C7DC9 /* Project object */;
			proxyType = 1;
			remoteGlobalIDString = 2DCE2F2A219AF935002C7DC9;
			remoteInfo = "smartvalue-ios";
		};
		2DCE2F4E219AF940002C7DC9 /* PBXContainerItemProxy */ = {
			isa = PBXContainerItemProxy;
			containerPortal = 2DCE2F23219AF935002C7DC9 /* Project object */;
			proxyType = 1;
			remoteGlobalIDString = 2DCE2F2A219AF935002C7DC9;
			remoteInfo = "smartvalue-ios";
		};
/* End PBXContainerItemProxy section */

/* Begin PBXFileReference section */
		2DCE2F2B219AF935002C7DC9 /* smartvalue-ios.app */ = {isa = PBXFileReference; explicitFileType = wrapper.application; includeInIndex = 0; path = "smartvalue-ios.app"; sourceTree = BUILT_PRODUCTS_DIR; };
		2DCE2F2E219AF935002C7DC9 /* AppDelegate.swift */ = {isa = PBXFileReference; lastKnownFileType = sourcecode.swift; path = AppDelegate.swift; sourceTree = "<group>"; };
		2DCE2F30219AF935002C7DC9 /* ViewController.swift */ = {isa = PBXFileReference; lastKnownFileType = sourcecode.swift; path = ViewController.swift; sourceTree = "<group>"; };
		2DCE2F33219AF935002C7DC9 /* Base */ = {isa = PBXFileReference; lastKnownFileType = file.storyboard; name = Base; path = Base.lproj/Main.storyboard; sourceTree = "<group>"; };
		2DCE2F36219AF935002C7DC9 /* smartvalue_ios.xcdatamodel */ = {isa = PBXFileReference; lastKnownFileType = wrapper.xcdatamodel; path = smartvalue_ios.xcdatamodel; sourceTree = "<group>"; };
		2DCE2F38219AF93F002C7DC9 /* Assets.xcassets */ = {isa = PBXFileReference; lastKnownFileType = folder.assetcatalog; path = Assets.xcassets; sourceTree = "<group>"; };
		2DCE2F3B219AF93F002C7DC9 /* Base */ = {isa = PBXFileReference; lastKnownFileType = file.storyboard; name = Base; path = Base.lproj/LaunchScreen.storyboard; sourceTree = "<group>"; };
		2DCE2F3D219AF93F002C7DC9 /* Info.plist */ = {isa = PBXFileReference; lastKnownFileType = text.plist.xml; path = Info.plist; sourceTree = "<group>"; };
		2DCE2F42219AF940002C7DC9 /* smartvalue-iosTests.xctest */ = {isa = PBXFileReference; explicitFileType = wrapper.cfbundle; includeInIndex = 0; path = "smartvalue-iosTests.xctest"; sourceTree = BUILT_PRODUCTS_DIR; };
		2DCE2F46219AF940002C7DC9 /* smartvalue_iosTests.swift */ = {isa = PBXFileReference; lastKnownFileType = sourcecode.swift; path = smartvalue_iosTests.swift; sourceTree = "<group>"; };
		2DCE2F48219AF940002C7DC9 /* Info.plist */ = {isa = PBXFileReference; lastKnownFileType = text.plist.xml; path = Info.plist; sourceTree = "<group>"; };
		2DCE2F4D219AF940002C7DC9 /* smartvalue-iosUITests.xctest */ = {isa = PBXFileReference; explicitFileType = wrapper.cfbundle; includeInIndex = 0; path = "smartvalue-iosUITests.xctest"; sourceTree = BUILT_PRODUCTS_DIR; };
		2DCE2F51219AF940002C7DC9 /* smartvalue_iosUITests.swift */ = {isa = PBXFileReference; lastKnownFileType = sourcecode.swift; path = smartvalue_iosUITests.swift; sourceTree = "<group>"; };
		2DCE2F53219AF940002C7DC9 /* Info.plist */ = {isa = PBXFileReference; lastKnownFileType = text.plist.xml; path = Info.plist; sourceTree = "<group>"; };
/* End PBXFileReference section */

/* Begin PBXFrameworksBuildPhase section */
		2DCE2F28219AF935002C7DC9 /* Frameworks */ = {
			isa = PBXFrameworksBuildPhase;
			buildActionMask = 2147483647;
			files = (
			);
			runOnlyForDeploymentPostprocessing = 0;
		};
		2DCE2F3F219AF940002C7DC9 /* Frameworks */ = {
			isa = PBXFrameworksBuildPhase;
			buildActionMask = 2147483647;
			files = (
			);
			runOnlyForDeploymentPostprocessing = 0;
		};
		2DCE2F4A219AF940002C7DC9 /* Frameworks */ = {
			isa = PBXFrameworksBuildPhase;
			buildActionMask = 2147483647;
			files = (
			);
			runOnlyForDeploymentPostprocessing = 0;
		};
/* End PBXFrameworksBuildPhase section */

/* Begin PBXGroup section */
		2DCE2F22219AF935002C7DC9 = {
			isa = PBXGroup;
			children = (
				2DCE2F2D219AF935002C7DC9 /* smartvalue-ios */,
				2DCE2F45219AF940002C7DC9 /* smartvalue-iosTests */,
				2DCE2F50219AF940002C7DC9 /* smartvalue-iosUITests */,
				2DCE2F2C219AF935002C7DC9 /* Products */,
			);
			sourceTree = "<group>";
		};
		2DCE2F2C219AF935002C7DC9 /* Products */ = {
			isa = PBXGroup;
			children = (
				2DCE2F2B219AF935002C7DC9 /* smartvalue-ios.app */,
				2DCE2F42219AF940002C7DC9 /* smartvalue-iosTests.xctest */,
				2DCE2F4D219AF940002C7DC9 /* smartvalue-iosUITests.xctest */,
			);
			name = Products;
			sourceTree = "<group>";
		};
		2DCE2F2D219AF935002C7DC9 /* smartvalue-ios */ = {
			isa = PBXGroup;
			children = (
				2DCE2F2E219AF935002C7DC9 /* AppDelegate.swift */,
				2DCE2F30219AF935002C7DC9 /* ViewController.swift */,
				2DCE2F32219AF935002C7DC9 /* Main.storyboard */,
				2DCE2F38219AF93F002C7DC9 /* Assets.xcassets */,
				2DCE2F3A219AF93F002C7DC9 /* LaunchScreen.storyboard */,
				2DCE2F3D219AF93F002C7DC9 /* Info.plist */,
				2DCE2F35219AF935002C7DC9 /* smartvalue_ios.xcdatamodeld */,
			);
			path = "smartvalue-ios";
			sourceTree = "<group>";
		};
		2DCE2F45219AF940002C7DC9 /* smartvalue-iosTests */ = {
			isa = PBXGroup;
			children = (
				2DCE2F46219AF940002C7DC9 /* smartvalue_iosTests.swift */,
				2DCE2F48219AF940002C7DC9 /* Info.plist */,
			);
			path = "smartvalue-iosTests";
			sourceTree = "<group>";
		};
		2DCE2F50219AF940002C7DC9 /* smartvalue-iosUITests */ = {
			isa = PBXGroup;
			children = (
				2DCE2F51219AF940002C7DC9 /* smartvalue_iosUITests.swift */,
				2DCE2F53219AF940002C7DC9 /* Info.plist */,
			);
			path = "smartvalue-iosUITests";
			sourceTree = "<group>";
		};
/* End PBXGroup section */

/* Begin PBXNativeTarget section */
		2DCE2F2A219AF935002C7DC9 /* smartvalue-ios */ = {
			isa = PBXNativeTarget;
			buildConfigurationList = 2DCE2F56219AF940002C7DC9 /* Build configuration list for PBXNativeTarget "smartvalue-ios" */;
			buildPhases = (
				2DCE2F27219AF935002C7DC9 /* Sources */,
				2DCE2F28219AF935002C7DC9 /* Frameworks */,
				2DCE2F29219AF935002C7DC9 /* Resources */,
			);
			buildRules = (
			);
			dependencies = (
			);
			name = "smartvalue-ios";
			productName = "smartvalue-ios";
			productReference = 2DCE2F2B219AF935002C7DC9 /* smartvalue-ios.app */;
			productType = "com.apple.product-type.application";
		};
		2DCE2F41219AF940002C7DC9 /* smartvalue-iosTests */ = {
			isa = PBXNativeTarget;
			buildConfigurationList = 2DCE2F59219AF940002C7DC9 /* Build configuration list for PBXNativeTarget "smartvalue-iosTests" */;
			buildPhases = (
				2DCE2F3E219AF940002C7DC9 /* Sources */,
				2DCE2F3F219AF940002C7DC9 /* Frameworks */,
				2DCE2F40219AF940002C7DC9 /* Resources */,
			);
			buildRules = (
			);
			dependencies = (
				2DCE2F44219AF940002C7DC9 /* PBXTargetDependency */,
			);
			name = "smartvalue-iosTests";
			productName = "smartvalue-iosTests";
			productReference = 2DCE2F42219AF940002C7DC9 /* smartvalue-iosTests.xctest */;
			productType = "com.apple.product-type.bundle.unit-test";
		};
		2DCE2F4C219AF940002C7DC9 /* smartvalue-iosUITests */ = {
			isa = PBXNativeTarget;
			buildConfigurationList = 2DCE2F5C219AF940002C7DC9 /* Build configuration list for PBXNativeTarget "smartvalue-iosUITests" */;
			buildPhases = (
				2DCE2F49219AF940002C7DC9 /* Sources */,
				2DCE2F4A219AF940002C7DC9 /* Frameworks */,
				2DCE2F4B219AF940002C7DC9 /* Resources */,
			);
			buildRules = (
			);
			dependencies = (
				2DCE2F4F219AF940002C7DC9 /* PBXTargetDependency */,
			);
			name = "smartvalue-iosUITests";
			productName = "smartvalue-iosUITests";
			productReference = 2DCE2F4D219AF940002C7DC9 /* smartvalue-iosUITests.xctest */;
			productType = "com.apple.product-type.bundle.ui-testing";
		};
/* End PBXNativeTarget section */

/* Begin PBXProject section */
		2DCE2F23219AF935002C7DC9 /* Project object */ = {
			isa = PBXProject;
			attributes = {
				LastSwiftUpdateCheck = 1000;
				LastUpgradeCheck = 1000;
				ORGANIZATIONNAME = synycs;
				TargetAttributes = {
					2DCE2F2A219AF935002C7DC9 = {
						CreatedOnToolsVersion = 10.0;
					};
					2DCE2F41219AF940002C7DC9 = {
						CreatedOnToolsVersion = 10.0;
						TestTargetID = 2DCE2F2A219AF935002C7DC9;
					};
					2DCE2F4C219AF940002C7DC9 = {
						CreatedOnToolsVersion = 10.0;
						TestTargetID = 2DCE2F2A219AF935002C7DC9;
					};
				};
			};
			buildConfigurationList = 2DCE2F26219AF935002C7DC9 /* Build configuration list for PBXProject "smartvalue-ios" */;
			compatibilityVersion = "Xcode 9.3";
			developmentRegion = en;
			hasScannedForEncodings = 0;
			knownRegions = (
				en,
				Base,
			);
			mainGroup = 2DCE2F22219AF935002C7DC9;
			productRefGroup = 2DCE2F2C219AF935002C7DC9 /* Products */;
			projectDirPath = "";
			projectRoot = "";
			targets = (
				2DCE2F2A219AF935002C7DC9 /* smartvalue-ios */,
				2DCE2F41219AF940002C7DC9 /* smartvalue-iosTests */,
				2DCE2F4C219AF940002C7DC9 /* smartvalue-iosUITests */,
			);
		};
/* End PBXProject section */

/* Begin PBXResourcesBuildPhase section */
		2DCE2F29219AF935002C7DC9 /* Resources */ = {
			isa = PBXResourcesBuildPhase;
			buildActionMask = 2147483647;
			files = (
				2DCE2F3C219AF93F002C7DC9 /* LaunchScreen.storyboard in Resources */,
				2DCE2F39219AF93F002C7DC9 /* Assets.xcassets in Resources */,
				2DCE2F34219AF935002C7DC9 /* Main.storyboard in Resources */,
			);
			runOnlyForDeploymentPostprocessing = 0;
		};
		2DCE2F40219AF940002C7DC9 /* Resources */ = {
			isa = PBXResourcesBuildPhase;
			buildActionMask = 2147483647;
			files = (
			);
			runOnlyForDeploymentPostprocessing = 0;
		};
		2DCE2F4B219AF940002C7DC9 /* Resources */ = {
			isa = PBXResourcesBuildPhase;
			buildActionMask = 2147483647;
			files = (
			);
			runOnlyForDeploymentPostprocessing = 0;
		};
/* End PBXResourcesBuildPhase section */

/* Begin PBXSourcesBuildPhase section */
		2DCE2F27219AF935002C7DC9 /* Sources */ = {
			isa = PBXSourcesBuildPhase;
			buildActionMask = 2147483647;
			files = (
				2DCE2F37219AF935002C7DC9 /* smartvalue_ios.xcdatamodeld in Sources */,
				2DCE2F31219AF935002C7DC9 /* ViewController.swift in Sources */,
				2DCE2F2F219AF935002C7DC9 /* AppDelegate.swift in Sources */,
			);
			runOnlyForDeploymentPostprocessing = 0;
		};
		2DCE2F3E219AF940002C7DC9 /* Sources */ = {
			isa = PBXSourcesBuildPhase;
			buildActionMask = 2147483647;
			files = (
				2DCE2F47219AF940002C7DC9 /* smartvalue_iosTests.swift in Sources */,
			);
			runOnlyForDeploymentPostprocessing = 0;
		};
		2DCE2F49219AF940002C7DC9 /* Sources */ = {
			isa = PBXSourcesBuildPhase;
			buildActionMask = 2147483647;
			files = (
				2DCE2F52219AF940002C7DC9 /* smartvalue_iosUITests.swift in Sources */,
			);
			runOnlyForDeploymentPostprocessing = 0;
		};
/* End PBXSourcesBuildPhase section */

/* Begin PBXTargetDependency section */
		2DCE2F44219AF940002C7DC9 /* PBXTargetDependency */ = {
			isa = PBXTargetDependency;
			target = 2DCE2F2A219AF935002C7DC9 /* smartvalue-ios */;
			targetProxy = 2DCE2F43219AF940002C7DC9 /* PBXContainerItemProxy */;
		};
		2DCE2F4F219AF940002C7DC9 /* PBXTargetDependency */ = {
			isa = PBXTargetDependency;
			target = 2DCE2F2A219AF935002C7DC9 /* smartvalue-ios */;
			targetProxy = 2DCE2F4E219AF940002C7DC9 /* PBXContainerItemProxy */;
		};
/* End PBXTargetDependency section */

/* Begin PBXVariantGroup section */
		2DCE2F32219AF935002C7DC9 /* Main.storyboard */ = {
			isa = PBXVariantGroup;
			children = (
				2DCE2F33219AF935002C7DC9 /* Base */,
			);
			name = Main.storyboard;
			sourceTree = "<group>";
		};
		2DCE2F3A219AF93F002C7DC9 /* LaunchScreen.storyboard */ = {
			isa = PBXVariantGroup;
			children = (
				2DCE2F3B219AF93F002C7DC9 /* Base */,
			);
			name = LaunchScreen.storyboard;
			sourceTree = "<group>";
		};
/* End PBXVariantGroup section */

/* Begin XCBuildConfiguration section */
		2DCE2F54219AF940002C7DC9 /* Debug */ = {
			isa = XCBuildConfiguration;
			buildSettings = {
				ALWAYS_SEARCH_USER_PATHS = NO;
				CLANG_ANALYZER_NONNULL = YES;
				CLANG_ANALYZER_NUMBER_OBJECT_CONVERSION = YES_AGGRESSIVE;
				CLANG_CXX_LANGUAGE_STANDARD = "gnu++14";
				CLANG_CXX_LIBRARY = "libc++";
				CLANG_ENABLE_MODULES = YES;
				CLANG_ENABLE_OBJC_ARC = YES;
				CLANG_ENABLE_OBJC_WEAK = YES;
				CLANG_WARN_BLOCK_CAPTURE_AUTORELEASING = YES;
				CLANG_WARN_BOOL_CONVERSION = YES;
				CLANG_WARN_COMMA = YES;
				CLANG_WARN_CONSTANT_CONVERSION = YES;
				CLANG_WARN_DEPRECATED_OBJC_IMPLEMENTATIONS = YES;
				CLANG_WARN_DIRECT_OBJC_ISA_USAGE = YES_ERROR;
				CLANG_WARN_DOCUMENTATION_COMMENTS = YES;
				CLANG_WARN_EMPTY_BODY = YES;
				CLANG_WARN_ENUM_CONVERSION = YES;
				CLANG_WARN_INFINITE_RECURSION = YES;
				CLANG_WARN_INT_CONVERSION = YES;
				CLANG_WARN_NON_LITERAL_NULL_CONVERSION = YES;
				CLANG_WARN_OBJC_IMPLICIT_RETAIN_SELF = YES;
				CLANG_WARN_OBJC_LITERAL_CONVERSION = YES;
				CLANG_WARN_OBJC_ROOT_CLASS = YES_ERROR;
				CLANG_WARN_RANGE_LOOP_ANALYSIS = YES;
				CLANG_WARN_STRICT_PROTOTYPES = YES;
				CLANG_WARN_SUSPICIOUS_MOVE = YES;
				CLANG_WARN_UNGUARDED_AVAILABILITY = YES_AGGRESSIVE;
				CLANG_WARN_UNREACHABLE_CODE = YES;
				CLANG_WARN__DUPLICATE_METHOD_MATCH = YES;
				CODE_SIGN_IDENTITY = "iPhone Developer";
				COPY_PHASE_STRIP = NO;
				DEBUG_INFORMATION_FORMAT = dwarf;
				ENABLE_STRICT_OBJC_MSGSEND = YES;
				ENABLE_TESTABILITY = YES;
				GCC_C_LANGUAGE_STANDARD = gnu11;
				GCC_DYNAMIC_NO_PIC = NO;
				GCC_NO_COMMON_BLOCKS = YES;
				GCC_OPTIMIZATION_LEVEL = 0;
				GCC_PREPROCESSOR_DEFINITIONS = (
					"DEBUG=1",
					"$(inherited)",
				);
				GCC_WARN_64_TO_32_BIT_CONVERSION = YES;
				GCC_WARN_ABOUT_RETURN_TYPE = YES_ERROR;
				GCC_WARN_UNDECLARED_SELECTOR = YES;
				GCC_WARN_UNINITIALIZED_AUTOS = YES_AGGRESSIVE;
				GCC_WARN_UNUSED_FUNCTION = YES;
				GCC_WARN_UNUSED_VARIABLE = YES;
				IPHONEOS_DEPLOYMENT_TARGET = 12.0;
				MTL_ENABLE_DEBUG_INFO = INCLUDE_SOURCE;
				MTL_FAST_MATH = YES;
				ONLY_ACTIVE_ARCH = YES;
				SDKROOT = iphoneos;
				SWIFT_ACTIVE_COMPILATION_CONDITIONS = DEBUG;
				SWIFT_OPTIMIZATION_LEVEL = "-Onone";
			};
			name = Debug;
		};
		2DCE2F55219AF940002C7DC9 /* Release */ = {
			isa = XCBuildConfiguration;
			buildSettings = {
				ALWAYS_SEARCH_USER_PATHS = NO;
				CLANG_ANALYZER_NONNULL = YES;
				CLANG_ANALYZER_NUMBER_OBJECT_CONVERSION = YES_AGGRESSIVE;
				CLANG_CXX_LANGUAGE_STANDARD = "gnu++14";
				CLANG_CXX_LIBRARY = "libc++";
				CLANG_ENABLE_MODULES = YES;
				CLANG_ENABLE_OBJC_ARC = YES;
				CLANG_ENABLE_OBJC_WEAK = YES;
				CLANG_WARN_BLOCK_CAPTURE_AUTORELEASING = YES;
				CLANG_WARN_BOOL_CONVERSION = YES;
				CLANG_WARN_COMMA = YES;
				CLANG_WARN_CONSTANT_CONVERSION = YES;
				CLANG_WARN_DEPRECATED_OBJC_IMPLEMENTATIONS = YES;
				CLANG_WARN_DIRECT_OBJC_ISA_USAGE = YES_ERROR;
				CLANG_WARN_DOCUMENTATION_COMMENTS = YES;
				CLANG_WARN_EMPTY_BODY = YES;
				CLANG_WARN_ENUM_CONVERSION = YES;
				CLANG_WARN_INFINITE_RECURSION = YES;
				CLANG_WARN_INT_CONVERSION = YES;
				CLANG_WARN_NON_LITERAL_NULL_CONVERSION = YES;
				CLANG_WARN_OBJC_IMPLICIT_RETAIN_SELF = YES;
				CLANG_WARN_OBJC_LITERAL_CONVERSION = YES;
				CLANG_WARN_OBJC_ROOT_CLASS = YES_ERROR;
				CLANG_WARN_RANGE_LOOP_ANALYSIS = YES;
				CLANG_WARN_STRICT_PROTOTYPES = YES;
				CLANG_WARN_SUSPICIOUS_MOVE = YES;
				CLANG_WARN_UNGUARDED_AVAILABILITY = YES_AGGRESSIVE;
				CLANG_WARN_UNREACHABLE_CODE = YES;
				CLANG_WARN__DUPLICATE_METHOD_MATCH = YES;
				CODE_SIGN_IDENTITY = "iPhone Developer";
				COPY_PHASE_STRIP = NO;
				DEBUG_INFORMATION_FORMAT = "dwarf-with-dsym";
				ENABLE_NS_ASSERTIONS = NO;
				ENABLE_STRICT_OBJC_MSGSEND = YES;
				GCC_C_LANGUAGE_STANDARD = gnu11;
				GCC_NO_COMMON_BLOCKS = YES;
				GCC_WARN_64_TO_32_BIT_CONVERSION = YES;
				GCC_WARN_ABOUT_RETURN_TYPE = YES_ERROR;
				GCC_WARN_UNDECLARED_SELECTOR = YES;
				GCC_WARN_UNINITIALIZED_AUTOS = YES_AGGRESSIVE;
				GCC_WARN_UNUSED_FUNCTION = YES;
				GCC_WARN_UNUSED_VARIABLE = YES;
				IPHONEOS_DEPLOYMENT_TARGET = 12.0;
				MTL_ENABLE_DEBUG_INFO = NO;
				MTL_FAST_MATH = YES;
				SDKROOT = iphoneos;
				SWIFT_COMPILATION_MODE = wholemodule;
				SWIFT_OPTIMIZATION_LEVEL = "-O";
				VALIDATE_PRODUCT = YES;
			};
			name = Release;
		};
		2DCE2F57219AF940002C7DC9 /* Debug */ = {
			isa = XCBuildConfiguration;
			buildSettings = {
				ASSETCATALOG_COMPILER_APPICON_NAME = AppIcon;
				CODE_SIGN_STYLE = Automatic;
				INFOPLIST_FILE = "smartvalue-ios/Info.plist";
				LD_RUNPATH_SEARCH_PATHS = (
					"$(inherited)",
					"@executable_path/Frameworks",
				);
				PRODUCT_BUNDLE_IDENTIFIER = "arun.smartvalue-ios";
				PRODUCT_NAME = "$(TARGET_NAME)";
				SWIFT_VERSION = 4.2;
				TARGETED_DEVICE_FAMILY = "1,2";
			};
			name = Debug;
		};
		2DCE2F58219AF940002C7DC9 /* Release */ = {
			isa = XCBuildConfiguration;
			buildSettings = {
				ASSETCATALOG_COMPILER_APPICON_NAME = AppIcon;
				CODE_SIGN_STYLE = Automatic;
				INFOPLIST_FILE = "smartvalue-ios/Info.plist";
				LD_RUNPATH_SEARCH_PATHS = (
					"$(inherited)",
					"@executable_path/Frameworks",
				);
				PRODUCT_BUNDLE_IDENTIFIER = "arun.smartvalue-ios";
				PRODUCT_NAME = "$(TARGET_NAME)";
				SWIFT_VERSION = 4.2;
				TARGETED_DEVICE_FAMILY = "1,2";
			};
			name = Release;
		};
		2DCE2F5A219AF940002C7DC9 /* Debug */ = {
			isa = XCBuildConfiguration;
			buildSettings = {
				ALWAYS_EMBED_SWIFT_STANDARD_LIBRARIES = YES;
				BUNDLE_LOADER = "$(TEST_HOST)";
				CODE_SIGN_STYLE = Automatic;
				INFOPLIST_FILE = "smartvalue-iosTests/Info.plist";
				LD_RUNPATH_SEARCH_PATHS = (
					"$(inherited)",
					"@executable_path/Frameworks",
					"@loader_path/Frameworks",
				);
				PRODUCT_BUNDLE_IDENTIFIER = "arun.smartvalue-iosTests";
				PRODUCT_NAME = "$(TARGET_NAME)";
				SWIFT_VERSION = 4.2;
				TARGETED_DEVICE_FAMILY = "1,2";
				TEST_HOST = "$(BUILT_PRODUCTS_DIR)/smartvalue-ios.app/smartvalue-ios";
			};
			name = Debug;
		};
		2DCE2F5B219AF940002C7DC9 /* Release */ = {
			isa = XCBuildConfiguration;
			buildSettings = {
				ALWAYS_EMBED_SWIFT_STANDARD_LIBRARIES = YES;
				BUNDLE_LOADER = "$(TEST_HOST)";
				CODE_SIGN_STYLE = Automatic;
				INFOPLIST_FILE = "smartvalue-iosTests/Info.plist";
				LD_RUNPATH_SEARCH_PATHS = (
					"$(inherited)",
					"@executable_path/Frameworks",
					"@loader_path/Frameworks",
				);
				PRODUCT_BUNDLE_IDENTIFIER = "arun.smartvalue-iosTests";
				PRODUCT_NAME = "$(TARGET_NAME)";
				SWIFT_VERSION = 4.2;
				TARGETED_DEVICE_FAMILY = "1,2";
				TEST_HOST = "$(BUILT_PRODUCTS_DIR)/smartvalue-ios.app/smartvalue-ios";
			};
			name = Release;
		};
		2DCE2F5D219AF940002C7DC9 /* Debug */ = {
			isa = XCBuildConfiguration;
			buildSettings = {
				ALWAYS_EMBED_SWIFT_STANDARD_LIBRARIES = YES;
				CODE_SIGN_STYLE = Automatic;
				INFOPLIST_FILE = "smartvalue-iosUITests/Info.plist";
				LD_RUNPATH_SEARCH_PATHS = (
					"$(inherited)",
					"@executable_path/Frameworks",
					"@loader_path/Frameworks",
				);
				PRODUCT_BUNDLE_IDENTIFIER = "arun.smartvalue-iosUITests";
				PRODUCT_NAME = "$(TARGET_NAME)";
				SWIFT_VERSION = 4.2;
				TARGETED_DEVICE_FAMILY = "1,2";
				TEST_TARGET_NAME = "smartvalue-ios";
			};
			name = Debug;
		};
		2DCE2F5E219AF940002C7DC9 /* Release */ = {
			isa = XCBuildConfiguration;
			buildSettings = {
				ALWAYS_EMBED_SWIFT_STANDARD_LIBRARIES = YES;
				CODE_SIGN_STYLE = Automatic;
				INFOPLIST_FILE = "smartvalue-iosUITests/Info.plist";
				LD_RUNPATH_SEARCH_PATHS = (
					"$(inherited)",
					"@executable_path/Frameworks",
					"@loader_path/Frameworks",
				);
				PRODUCT_BUNDLE_IDENTIFIER = "arun.smartvalue-iosUITests";
				PRODUCT_NAME = "$(TARGET_NAME)";
				SWIFT_VERSION = 4.2;
				TARGETED_DEVICE_FAMILY = "1,2";
				TEST_TARGET_NAME = "smartvalue-ios";
			};
			name = Release;
		};
/* End XCBuildConfiguration section */

/* Begin XCConfigurationList section */
		2DCE2F26219AF935002C7DC9 /* Build configuration list for PBXProject "smartvalue-ios" */ = {
			isa = XCConfigurationList;
			buildConfigurations = (
				2DCE2F54219AF940002C7DC9 /* Debug */,
				2DCE2F55219AF940002C7DC9 /* Release */,
			);
			defaultConfigurationIsVisible = 0;
			defaultConfigurationName = Release;
		};
		2DCE2F56219AF940002C7DC9 /* Build configuration list for PBXNativeTarget "smartvalue-ios" */ = {
			isa = XCConfigurationList;
			buildConfigurations = (
				2DCE2F57219AF940002C7DC9 /* Debug */,
				2DCE2F58219AF940002C7DC9 /* Release */,
			);
			defaultConfigurationIsVisible = 0;
			defaultConfigurationName = Release;
		};
		2DCE2F59219AF940002C7DC9 /* Build configuration list for PBXNativeTarget "smartvalue-iosTests" */ = {
			isa = XCConfigurationList;
			buildConfigurations = (
				2DCE2F5A219AF940002C7DC9 /* Debug */,
				2DCE2F5B219AF940002C7DC9 /* Release */,
			);
			defaultConfigurationIsVisible = 0;
			defaultConfigurationName = Release;
		};
		2DCE2F5C219AF940002C7DC9 /* Build configuration list for PBXNativeTarget "smartvalue-iosUITests" */ = {
			isa = XCConfigurationList;
			buildConfigurations = (
				2DCE2F5D219AF940002C7DC9 /* Debug */,
				2DCE2F5E219AF940002C7DC9 /* Release */,
			);
			defaultConfigurationIsVisible = 0;
			defaultConfigurationName = Release;
		};
/* End XCConfigurationList section */

/* Begin XCVersionGroup section */
		2DCE2F35219AF935002C7DC9 /* smartvalue_ios.xcdatamodeld */ = {
			isa = XCVersionGroup;
			children = (
				2DCE2F36219AF935002C7DC9 /* smartvalue_ios.xcdatamodel */,
			);
			currentVersion = 2DCE2F36219AF935002C7DC9 /* smartvalue_ios.xcdatamodel */;
			path = smartvalue_ios.xcdatamodeld;
			sourceTree = "<group>";
			versionGroupType = wrapper.xcdatamodel;
		};
/* End XCVersionGroup section */
	};
	rootObject = 2DCE2F23219AF935002C7DC9 /* Project object */;
}
